
Microsoft Visual Studio Solution File, Format Version 9.00
# Visual Studio 2005
Project("{FAE04EC0-301F-11D3-BF4B-00C04F79EFBC}") = "Remote", "Remote\Remote.csproj", "{4D4EE799-22FF-4DD1-8AE1-01C0D05CD2D9}"
EndProject
Project("{FAE04EC0-301F-11D3-BF4B-00C04F79EFBC}") = "Sensors", "Sensors\Sensors.csproj", "{F4CF6AD1-248B-4D25-8F5F-55F5172067E0}"
EndProject
Project("{2150E333-8FDC-42A3-9474-1A3956D46DE8}") = "Solution Items", "Solution Items", "{B0FC8A2F-2B3C-4B55-84CF-89CC5390732F}"
EndProject
Project("{B900F1C2-3D47-4FEC-85B3-04AAF18C3634}") = "CabGenerator", "CabGenerator\CabGenerator.vddproj", "{5C45FE28-1662-4605-8C2F-678DC6ADE734}"
EndProject
Global
	GlobalSection(SolutionConfigurationPlatforms) = preSolution
		Debug|Any CPU = Debug|Any CPU
		Release|Any CPU = Release|Any CPU
	EndGlobalSection
	GlobalSection(ProjectConfigurationPlatforms) = postSolution
		{4D4EE799-22FF-4DD1-8AE1-01C0D05CD2D9}.Debug|Any CPU.ActiveCfg = Debug|Any CPU
		{4D4EE799-22FF-4DD1-8AE1-01C0D05CD2D9}.Debug|Any CPU.Build.0 = Debug|Any CPU
		{4D4EE799-22FF-4DD1-8AE1-01C0D05CD2D9}.Debug|Any CPU.Deploy.0 = Debug|Any CPU
		{4D4EE799-22FF-4DD1-8AE1-01C0D05CD2D9}.Release|Any CPU.ActiveCfg = Release|Any CPU
		{4D4EE799-22FF-4DD1-8AE1-01C0D05CD2D9}.Release|Any CPU.Build.0 = Release|Any CPU
		{4D4EE799-22FF-4DD1-8AE1-01C0D05CD2D9}.Release|Any CPU.Deploy.0 = Release|Any CPU
		{F4CF6AD1-248B-4D25-8F5F-55F5172067E0}.Debug|Any CPU.ActiveCfg = Debug|Any CPU
		{F4CF6AD1-248B-4D25-8F5F-55F5172067E0}.Debug|Any CPU.Build.0 = Debug|Any CPU
		{F4CF6AD1-248B-4D25-8F5F-55F5172067E0}.Release|Any CPU.ActiveCfg = Release|Any CPU
		{F4CF6AD1-248B-4D25-8F5F-55F5172067E0}.Release|Any CPU.Build.0 = Release|Any CPU
		{5C45FE28-1662-4605-8C2F-678DC6ADE734}.Debug|Any CPU.ActiveCfg = Debug
		{5C45FE28-1662-4605-8C2F-678DC6ADE734}.Release|Any CPU.ActiveCfg = Release
	EndGlobalSection
	GlobalSection(SolutionProperties) = preSolution
		HideSolutionNode = FALSE
	EndGlobalSection
EndGlobal
